{
	"name": "systemjs-v5-v6",
	"version": "0.5.1",
	"lockfileVersion": 1,
	"requires": true,
	"dependencies": {
		"bluebird": {
			"version": "3.7.2",
			"resolved": "https://registry.npmjs.org/bluebird/-/bluebird-3.7.2.tgz",
			"integrity": "sha512-XpNj6GDQzdfW+r2Wnn7xiSAd7TM3jzkxGXBGTtWKuSXv1xUV+azxAm8jdWZN06QTQk+2N2XB9jRDkvbmQmcRtg=="
		},
		"esm": {
			"version": "3.2.25",
			"resolved": "https://registry.npmjs.org/esm/-/esm-3.2.25.tgz",
			"integrity": "sha512-U1suiZ2oDVWv4zPO56S0NcR5QriEahGtdN2OR6FiOG4WJvcjBVFB0qI4+eKoWFH483PKGuLuu6V8Z4T5g63UVA==",
			"dev": true
		},
		"extfs": {
			"version": "0.0.7",
			"resolved": "https://registry.npmjs.org/extfs/-/extfs-0.0.7.tgz",
			"integrity": "sha1-owgQ5HRZCg280NL0V63IkAnFwKs=",
			"dev": true,
			"requires": {
				"underscore": ">= 1.4 < 2"
			}
		},
		"file": {
			"version": "0.2.2",
			"resolved": "https://registry.npmjs.org/file/-/file-0.2.2.tgz",
			"integrity": "sha1-w9/Y+M81Na5FXCtCPC5SY112tNM=",
			"dev": true
		},
		"mkdirp": {
			"version": "1.0.4",
			"resolved": "https://registry.npmjs.org/mkdirp/-/mkdirp-1.0.4.tgz",
			"integrity": "sha512-vVqVZQyf3WLx2Shd0qJ9xuvqgAyKPLAiqITEtqW0oIUjzo3PePDd6fW9iFz30ef7Ysp/oiWqbhszeGWW2T6Gzw==",
			"dev": true
		},
		"remove-empty-directories": {
			"version": "0.0.1",
			"resolved": "https://registry.npmjs.org/remove-empty-directories/-/remove-empty-directories-0.0.1.tgz",
			"integrity": "sha1-SdZx5m0KaSwIsV0cWXxJRW1g70E=",
			"dev": true,
			"requires": {
				"extfs": "0.0.7",
				"file": "^0.2.2"
			}
		},
		"systemjs": {
			"version": "5.0.0",
			"resolved": "https://registry.npmjs.org/systemjs/-/systemjs-5.0.0.tgz",
			"integrity": "sha512-hnD/IMQhH0UmawiIGlYVnkCPUbbO/WDQjOC+Q4PewHBdsagI1OHH1re1sg1AYFqq7p9ps6b1Bsx4xCeoeIZSCw=="
		},
		"typescript": {
			"version": "4.3.2",
			"resolved": "https://registry.npmjs.org/typescript/-/typescript-4.3.2.tgz",
			"integrity": "sha512-zZ4hShnmnoVnAHpVHWpTcxdv7dWP60S2FsydQLV8V5PbS3FifjWFFRiHSWpDJahly88PRyV5teTSLoq4eG7mKw==",
			"dev": true
		},
		"underscore": {
			"version": "1.13.1",
			"resolved": "https://registry.npmjs.org/underscore/-/underscore-1.13.1.tgz",
			"integrity": "sha512-hzSoAVtJF+3ZtiFX0VgfFPHEDRm7Y/QPjGyNo4TVdnDTdft3tr8hEkD25a1jC+TjTuE7tkHGKkhwCgs9dgBB2g==",
			"dev": true
		},
		"whatwg-fetch": {
			"version": "3.6.2",
			"resolved": "https://registry.npmjs.org/whatwg-fetch/-/whatwg-fetch-3.6.2.tgz",
			"integrity": "sha512-bJlen0FcuU/0EMLrdbJ7zOnW6ITZLrZMIarMUVmdKtsGvZna8vxKYaexICWPfZ8qwf9fzNq+UEIZrnSaApt6RA=="
		}
	}
}
